{
  "name": "npm-teste",
  "version": "1.0.0",
  "lockfileVersion": 3,
  "requires": true,
  "packages": {
    "": {
      "name": "npm-teste",
      "version": "1.0.0",
      "license": "ISC",
      "dependencies": {
        "npm-teste": "github:andreperna/npm-teste"
      }
    },
    "node_modules/npm-teste": {
      "version": "1.0.0",
      "resolved": "git+ssh://git@github.com/andreperna/npm-teste.git#390bfef26578f27a0ba9c55fe7f84d5a0a1b67bb",
      "license": "ISC"
    }
  }
}
