{
  "name": "npm-teste",
  "version": "1.0.0",
  "lockfileVersion": 3,
  "requires": true,
  "packages": {
    "": {
      "name": "npm-teste",
      "version": "1.0.0",
      "license": "ISC",
      "dependencies": {
        "arrify": "github:sindresorhus/arrify"
      }
    },
    "node_modules/arrify": {
      "version": "3.0.0",
      "resolved": "git+ssh://git@github.com/sindresorhus/arrify.git#0784972a29172bc2ae75fa39500d38e4e3690675",
      "license": "MIT",
      "engines": {
        "node": ">=12"
      },
      "funding": {
        "url": "https://github.com/sponsors/sindresorhus"
      }
    }
  }
}
