{
  "name": "npm-teste",
  "version": "1.0.0",
  "lockfileVersion": 3,
  "requires": true,
  "packages": {
    "": {
      "name": "npm-teste",
      "version": "1.0.0",
      "license": "ISC",
      "dependencies": {
        "npm-teste": "github:andreperna/npm-teste"
      }
    },
    "node_modules/npm-teste": {
      "version": "1.0.0",
      "resolved": "git+ssh://git@github.com/andreperna/npm-teste.git#d33701f508377955045d7b772570ff63fc6afb9c",
      "license": "ISC",
      "dependencies": {
        "npm-teste": "github:andreperna/npm-teste"
      }
    }
  }
}
